
Microsoft Visual Studio Solution File, Format Version 12.00
# Visual Studio 15
VisualStudioVersion = 15.0.27004.2005
MinimumVisualStudioVersion = 10.0.40219.1
Project("{FAE04EC0-301F-11D3-BF4B-00C04F79EFBC}") = "WebApplication1", "WebApplication1\WebApplication1.csproj", "{0FE0C408-07A7-4E53-A471-255C9F452A5A}"
EndProject
Global
	GlobalSection(SolutionConfigurationPlatforms) = preSolution
		Debug|Any CPU = Debug|Any CPU
		Release|Any CPU = Release|Any CPU
	EndGlobalSection
	GlobalSection(ProjectConfigurationPlatforms) = postSolution
		{0FE0C408-07A7-4E53-A471-255C9F452A5A}.Debug|Any CPU.ActiveCfg = Debug|Any CPU
		{0FE0C408-07A7-4E53-A471-255C9F452A5A}.Debug|Any CPU.Build.0 = Debug|Any CPU
		{0FE0C408-07A7-4E53-A471-255C9F452A5A}.Release|Any CPU.ActiveCfg = Release|Any CPU
		{0FE0C408-07A7-4E53-A471-255C9F452A5A}.Release|Any CPU.Build.0 = Release|Any CPU
	EndGlobalSection
	GlobalSection(SolutionProperties) = preSolution
		HideSolutionNode = FALSE
	EndGlobalSection
	GlobalSection(ExtensibilityGlobals) = postSolution
		SolutionGuid = {40B438F8-DAA0-4A24-820C-3D2612F0E9C4}
	EndGlobalSection
EndGlobal
